# THIS IS AN AUTOGENERATED FILE. DO NOT EDIT THIS FILE DIRECTLY.
# yarn lockfile v1


"@types/jest-diff@*":
  version "20.0.1"
  resolved "https://registry.yarnpkg.com/@types/jest-diff/-/jest-diff-20.0.1.tgz#35cc15b9c4f30a18ef21852e255fdb02f6d59b89"
  integrity sha512-yALhelO3i0hqZwhjtcr6dYyaLoCHbAMshwtj6cGxTvHZAKXHsYGdff6E8EPw3xLKY0ELUTQ69Q1rQiJENnccMA==

"@types/jest@^24.0.19":
  version "24.0.19"
  resolved "https://registry.yarnpkg.com/@types/jest/-/jest-24.0.19.tgz#f7036058d2a5844fe922609187c0ad8be430aff5"
  integrity sha512-YYiqfSjocv7lk5H/T+v5MjATYjaTMsUkbDnjGqSMoO88jWdtJXJV4ST/7DKZcoMHMBvB2SeSfyOzZfkxXHR5xg==
  dependencies:
    "@types/jest-diff" "*"
